
Microsoft Visual Studio Solution File, Format Version 12.00
# Visual Studio 15
VisualStudioVersion = 15.0.27428.2005
MinimumVisualStudioVersion = 10.0.40219.1
Project("{9A19103F-16F7-4668-BE54-9A1E7A4F7556}") = "Bit.Logger", "Bit.Logger\Bit.Logger.csproj", "{CF1F5738-6196-42B2-B210-CEA07ECA72AF}"
EndProject
Project("{FAE04EC0-301F-11D3-BF4B-00C04F79EFBC}") = "Bit.Logger.Tests", "Bit.Logger.Tests\Bit.Logger.Tests.csproj", "{CD4400ED-D733-4454-BB7D-8349CF98A1E5}"
EndProject
Global
	GlobalSection(SolutionConfigurationPlatforms) = preSolution
		Debug|Any CPU = Debug|Any CPU
		Release|Any CPU = Release|Any CPU
	EndGlobalSection
	GlobalSection(ProjectConfigurationPlatforms) = postSolution
		{CF1F5738-6196-42B2-B210-CEA07ECA72AF}.Debug|Any CPU.ActiveCfg = Debug|Any CPU
		{CF1F5738-6196-42B2-B210-CEA07ECA72AF}.Debug|Any CPU.Build.0 = Debug|Any CPU
		{CF1F5738-6196-42B2-B210-CEA07ECA72AF}.Release|Any CPU.ActiveCfg = Release|Any CPU
		{CF1F5738-6196-42B2-B210-CEA07ECA72AF}.Release|Any CPU.Build.0 = Release|Any CPU
		{CD4400ED-D733-4454-BB7D-8349CF98A1E5}.Debug|Any CPU.ActiveCfg = Debug|Any CPU
		{CD4400ED-D733-4454-BB7D-8349CF98A1E5}.Debug|Any CPU.Build.0 = Debug|Any CPU
		{CD4400ED-D733-4454-BB7D-8349CF98A1E5}.Release|Any CPU.ActiveCfg = Release|Any CPU
		{CD4400ED-D733-4454-BB7D-8349CF98A1E5}.Release|Any CPU.Build.0 = Release|Any CPU
	EndGlobalSection
	GlobalSection(SolutionProperties) = preSolution
		HideSolutionNode = FALSE
	EndGlobalSection
	GlobalSection(ExtensibilityGlobals) = postSolution
		SolutionGuid = {C1C1A9E4-D568-4AF7-930A-5BD51E17F86B}
	EndGlobalSection
EndGlobal
